
Microsoft Visual Studio Solution File, Format Version 12.00
# Visual Studio Version 17
VisualStudioVersion = 17.14.36414.22 d17.14
MinimumVisualStudioVersion = 10.0.40219.1
Project("{FAE04EC0-301F-11D3-BF4B-00C04F79EFBC}") = "HelloCS", "HelloCS\HelloCS.csproj", "{1AA68F04-B494-4C3E-8588-59D3B470E8D4}"
EndProject
Project("{FAE04EC0-301F-11D3-BF4B-00C04F79EFBC}") = "TopLevelProgram", "TopLevelProgram\TopLevelProgram.csproj", "{7131D550-8102-40DA-807E-1D970040E7E5}"
EndProject
Global
	GlobalSection(SolutionConfigurationPlatforms) = preSolution
		Debug|Any CPU = Debug|Any CPU
		Release|Any CPU = Release|Any CPU
	EndGlobalSection
	GlobalSection(ProjectConfigurationPlatforms) = postSolution
		{1AA68F04-B494-4C3E-8588-59D3B470E8D4}.Debug|Any CPU.ActiveCfg = Debug|Any CPU
		{1AA68F04-B494-4C3E-8588-59D3B470E8D4}.Debug|Any CPU.Build.0 = Debug|Any CPU
		{1AA68F04-B494-4C3E-8588-59D3B470E8D4}.Release|Any CPU.ActiveCfg = Release|Any CPU
		{1AA68F04-B494-4C3E-8588-59D3B470E8D4}.Release|Any CPU.Build.0 = Release|Any CPU
		{7131D550-8102-40DA-807E-1D970040E7E5}.Debug|Any CPU.ActiveCfg = Debug|Any CPU
		{7131D550-8102-40DA-807E-1D970040E7E5}.Debug|Any CPU.Build.0 = Debug|Any CPU
		{7131D550-8102-40DA-807E-1D970040E7E5}.Release|Any CPU.ActiveCfg = Release|Any CPU
		{7131D550-8102-40DA-807E-1D970040E7E5}.Release|Any CPU.Build.0 = Release|Any CPU
	EndGlobalSection
	GlobalSection(SolutionProperties) = preSolution
		HideSolutionNode = FALSE
	EndGlobalSection
	GlobalSection(ExtensibilityGlobals) = postSolution
		SolutionGuid = {8D1D8990-9BC7-4BEE-AC7E-22125DCF2846}
	EndGlobalSection
EndGlobal
